// !$*UTF8*$!
{
	archiveVersion = 1;
	classes = {
	};
	objectVersion = 46;
	objects = {

/* Begin PBXBuildFile section */
		453904D41903DAD700E2B04F /* libEonilCocoa.a in Frameworks */ = {isa = PBXBuildFile; fileRef = 458443FB1903327100B468A7 /* libEonilCocoa.a */; };
		45478F661929FAA6009E72B8 /* ClassTemplate.cpp in Sources */ = {isa = PBXBuildFile; fileRef = 45478F641929FAA6009E72B8 /* ClassTemplate.cpp */; };
		45478F6A1929FB8B009E72B8 /* Exception.cpp in Sources */ = {isa = PBXBuildFile; fileRef = 45478F681929FB8B009E72B8 /* Exception.cpp */; };
		45478F7D1929FFA7009E72B8 /* ErrorCheck.mm in Sources */ = {isa = PBXBuildFile; fileRef = 45478F7B1929FFA7009E72B8 /* ErrorCheck.mm */; };
		45478F7E192A024B009E72B8 /* libEonilCommonRealtimeGameAlgorithms.a in Frameworks */ = {isa = PBXBuildFile; fileRef = 45478F751929FB97009E72B8 /* libEonilCommonRealtimeGameAlgorithms.a */; };
		45478F81192A04B9009E72B8 /* Application.mm in Sources */ = {isa = PBXBuildFile; fileRef = 45478F7F192A04B9009E72B8 /* Application.mm */; };
		45478F84192A0EA9009E72B8 /* Menu.mm in Sources */ = {isa = PBXBuildFile; fileRef = 45478F82192A0EA9009E72B8 /* Menu.mm */; };
		45478F86192A3563009E72B8 /* QuartzCore.framework in Frameworks */ = {isa = PBXBuildFile; fileRef = 45478F85192A3563009E72B8 /* QuartzCore.framework */; };
		45478F89192A35B6009E72B8 /* Cell.mm in Sources */ = {isa = PBXBuildFile; fileRef = 45478F87192A35B6009E72B8 /* Cell.mm */; };
		45478F8C192A3710009E72B8 /* Common.cpp in Sources */ = {isa = PBXBuildFile; fileRef = 45478F8A192A3710009E72B8 /* Common.cpp */; };
		45478F8F192A3E1A009E72B8 /* Cursor.mm in Sources */ = {isa = PBXBuildFile; fileRef = 45478F8D192A3E1A009E72B8 /* Cursor.mm */; };
		45478F92192A41FF009E72B8 /* TextField.mm in Sources */ = {isa = PBXBuildFile; fileRef = 45478F90192A41FF009E72B8 /* TextField.mm */; };
		45478F95192A420F009E72B8 /* TextView.mm in Sources */ = {isa = PBXBuildFile; fileRef = 45478F93192A420F009E72B8 /* TextView.mm */; };
		45478F98192A4270009E72B8 /* ScrollView.mm in Sources */ = {isa = PBXBuildFile; fileRef = 45478F96192A4270009E72B8 /* ScrollView.mm */; };
		45478F9B192A4277009E72B8 /* Scroller.mm in Sources */ = {isa = PBXBuildFile; fileRef = 45478F99192A4277009E72B8 /* Scroller.mm */; };
		45478F9E192A429A009E72B8 /* Text.mm in Sources */ = {isa = PBXBuildFile; fileRef = 45478F9C192A429A009E72B8 /* Text.mm */; };
		45478FA1192A429F009E72B8 /* Font.mm in Sources */ = {isa = PBXBuildFile; fileRef = 45478F9F192A429F009E72B8 /* Font.mm */; };
		45478FA8192A4AC5009E72B8 /* TestWindowController1.cpp in Sources */ = {isa = PBXBuildFile; fileRef = 45478FA6192A4AC5009E72B8 /* TestWindowController1.cpp */; };
		45478FAB192A4ADB009E72B8 /* WindowController.mm in Sources */ = {isa = PBXBuildFile; fileRef = 45478FA9192A4ADB009E72B8 /* WindowController.mm */; };
		45478FAE192A50EA009E72B8 /* Document.cpp in Sources */ = {isa = PBXBuildFile; fileRef = 45478FAC192A50EA009E72B8 /* Document.cpp */; };
		457B61691909FED60021A442 /* ImageDestination.cpp in Sources */ = {isa = PBXBuildFile; fileRef = 457B61671909FED60021A442 /* ImageDestination.cpp */; };
		458444311903D5E800B468A7 /* Cocoa.framework in Frameworks */ = {isa = PBXBuildFile; fileRef = 458444301903D5E800B468A7 /* Cocoa.framework */; };
		4584443D1903D5E800B468A7 /* main.cpp in Sources */ = {isa = PBXBuildFile; fileRef = 4584443C1903D5E800B468A7 /* main.cpp */; };
		458444441903D5E800B468A7 /* AppDelegate.mm in Sources */ = {isa = PBXBuildFile; fileRef = 458444431903D5E800B468A7 /* AppDelegate.mm */; };
		459DC83D19089F5C00FF6BD2 /* Common.mm in Sources */ = {isa = PBXBuildFile; fileRef = 453905081903E1E200E2B04F /* Common.mm */; };
		45B76BCF19093496002DF53B /* String.cpp in Sources */ = {isa = PBXBuildFile; fileRef = 454FDDF41908962E008B6530 /* String.cpp */; };
		45B76BD1190934C4002DF53B /* Cocoa.cpp in Sources */ = {isa = PBXBuildFile; fileRef = 454FDDDD190890E7008B6530 /* Cocoa.cpp */; };
		45B76BD2190934C4002DF53B /* Type.cpp in Sources */ = {isa = PBXBuildFile; fileRef = 453905351903F14100E2B04F /* Type.cpp */; };
		45B76BD3190934C4002DF53B /* Data.cpp in Sources */ = {isa = PBXBuildFile; fileRef = 454FDDD919088F56008B6530 /* Data.cpp */; };
		45B76BD4190934C4002DF53B /* Rect.cpp in Sources */ = {isa = PBXBuildFile; fileRef = 453905231903E24D00E2B04F /* Rect.cpp */; };
		45B76BD5190934C4002DF53B /* Color.cpp in Sources */ = {isa = PBXBuildFile; fileRef = 453905311903EE1F00E2B04F /* Color.cpp */; };
		45B76BD6190934C4002DF53B /* ColorSpace.cpp in Sources */ = {isa = PBXBuildFile; fileRef = 454FDDF01908944E008B6530 /* ColorSpace.cpp */; };
		45B76BD7190934C4002DF53B /* DataProvider.cpp in Sources */ = {isa = PBXBuildFile; fileRef = 454FDDD519088E78008B6530 /* DataProvider.cpp */; };
		45B76BD8190934C4002DF53B /* Image.cpp in Sources */ = {isa = PBXBuildFile; fileRef = 454FDDC919088AC9008B6530 /* Image.cpp */; };
		45B76BD9190934F2002DF53B /* Any.mm in Sources */ = {isa = PBXBuildFile; fileRef = 453905101903E1E200E2B04F /* Any.mm */; settings = {COMPILER_FLAGS = "-fno-objc-arc"; }; };
		45B76BDA190934F2002DF53B /* None.mm in Sources */ = {isa = PBXBuildFile; fileRef = 453905121903E1E200E2B04F /* None.mm */; };
		45B76BDB190934F2002DF53B /* Layer.mm in Sources */ = {isa = PBXBuildFile; fileRef = 4539052D1903ED9800E2B04F /* Layer.mm */; };
		45B76BDC190934F2002DF53B /* Object.mm in Sources */ = {isa = PBXBuildFile; fileRef = 4539050D1903E1E200E2B04F /* Object.mm */; };
		45B76BDD190934F2002DF53B /* Color.mm in Sources */ = {isa = PBXBuildFile; fileRef = 453905391904028500E2B04F /* Color.mm */; };
		45B76BDE190934F2002DF53B /* View.mm in Sources */ = {isa = PBXBuildFile; fileRef = 453905041903E1E200E2B04F /* View.mm */; };
		45B76BDF190934F2002DF53B /* Control.mm in Sources */ = {isa = PBXBuildFile; fileRef = 453905001903E1E200E2B04F /* Control.mm */; };
		45B76BE0190934F2002DF53B /* TableView.mm in Sources */ = {isa = PBXBuildFile; fileRef = 453905021903E1E200E2B04F /* TableView.mm */; };
		45B76BE1190934F2002DF53B /* Responder.mm in Sources */ = {isa = PBXBuildFile; fileRef = 453905271903E9F400E2B04F /* Responder.mm */; };
		45B76BE2190934F2002DF53B /* Window.mm in Sources */ = {isa = PBXBuildFile; fileRef = 453905061903E1E200E2B04F /* Window.mm */; };
		45B76BFD19097C86002DF53B /* Pasteboard.mm in Sources */ = {isa = PBXBuildFile; fileRef = 45B76BFB19097C86002DF53B /* Pasteboard.mm */; };
		45B76C0019097D10002DF53B /* String.mm in Sources */ = {isa = PBXBuildFile; fileRef = 45B76BFE19097D10002DF53B /* String.mm */; };
		45B76C0319098401002DF53B /* DraggingDestination.mm in Sources */ = {isa = PBXBuildFile; fileRef = 45B76C0119098401002DF53B /* DraggingDestination.mm */; };
		45B76C0A19099914002DF53B /* Array.mm in Sources */ = {isa = PBXBuildFile; fileRef = 45B76C0819099914002DF53B /* Array.mm */; };
		45B76C0D19099DE5002DF53B /* Data.mm in Sources */ = {isa = PBXBuildFile; fileRef = 45B76C0B19099DE5002DF53B /* Data.mm */; };
		45B76C121909B639002DF53B /* ImageView.mm in Sources */ = {isa = PBXBuildFile; fileRef = 45B76C101909B639002DF53B /* ImageView.mm */; };
		45B76C151909B7BF002DF53B /* Image.mm in Sources */ = {isa = PBXBuildFile; fileRef = 45B76C131909B7BF002DF53B /* Image.mm */; };
		45B76C181909CDEC002DF53B /* SplitView.mm in Sources */ = {isa = PBXBuildFile; fileRef = 45B76C161909CDEC002DF53B /* SplitView.mm */; };
		45B76C1B1909EF68002DF53B /* FileManager.mm in Sources */ = {isa = PBXBuildFile; fileRef = 45B76C191909EF68002DF53B /* FileManager.mm */; };
		45B76C1E1909F1C9002DF53B /* URL.mm in Sources */ = {isa = PBXBuildFile; fileRef = 45B76C1C1909F1C9002DF53B /* URL.mm */; };
		45E28240190CD2F900BB1BB8 /* Test1.cpp in Sources */ = {isa = PBXBuildFile; fileRef = 45E2823E190CD2F900BB1BB8 /* Test1.cpp */; };
		45FC6F75190D94450018BC59 /* Date.mm in Sources */ = {isa = PBXBuildFile; fileRef = 45FC6F73190D94450018BC59 /* Date.mm */; };
/* End PBXBuildFile section */

/* Begin PBXContainerItemProxy section */
		45478F721929FB97009E72B8 /* PBXContainerItemProxy */ = {
			isa = PBXContainerItemProxy;
			containerPortal = 45478F6B1929FB97009E72B8 /* CommonRealtimeGameAlgorithms.xcodeproj */;
			proxyType = 2;
			remoteGlobalIDString = 45FC6FAC190EB7290018BC59;
			remoteInfo = "CommonRealtimeGameAlgorithms - iOS";
		};
		45478F741929FB97009E72B8 /* PBXContainerItemProxy */ = {
			isa = PBXContainerItemProxy;
			containerPortal = 45478F6B1929FB97009E72B8 /* CommonRealtimeGameAlgorithms.xcodeproj */;
			proxyType = 2;
			remoteGlobalIDString = 45FC7001190EB7AF0018BC59;
			remoteInfo = "CommonRealtimeGameAlgorithms - OSX";
		};
		45478F761929FB97009E72B8 /* PBXContainerItemProxy */ = {
			isa = PBXContainerItemProxy;
			containerPortal = 45478F6B1929FB97009E72B8 /* CommonRealtimeGameAlgorithms.xcodeproj */;
			proxyType = 2;
			remoteGlobalIDString = 450EF2A6190EBD6E00FC3FE3;
			remoteInfo = "CommonRealtimeGameAlgorithms - Tester - OSX";
		};
		45478F781929FB97009E72B8 /* PBXContainerItemProxy */ = {
			isa = PBXContainerItemProxy;
			containerPortal = 45478F6B1929FB97009E72B8 /* CommonRealtimeGameAlgorithms.xcodeproj */;
			proxyType = 2;
			remoteGlobalIDString = 455B126D19106740007997D8;
			remoteInfo = "CommonRealtimeGameAlgorithms - Tester - iOS";
		};
		456384341903D7F300383F52 /* PBXContainerItemProxy */ = {
			isa = PBXContainerItemProxy;
			containerPortal = 458443F31903327100B468A7 /* Project object */;
			proxyType = 1;
			remoteGlobalIDString = 458443FA1903327100B468A7;
			remoteInfo = "Cocoa++";
		};
/* End PBXContainerItemProxy section */

/* Begin PBXFileReference section */
		4504CF2D192B5F3B00F3FC8B /* WEIRD STUFF EXPLANATIONS.md */ = {isa = PBXFileReference; fileEncoding = 4; lastKnownFileType = text; path = "WEIRD STUFF EXPLANATIONS.md"; sourceTree = "<group>"; };
		4504CF48192B6A0700F3FC8B /* Common.xcconfig */ = {isa = PBXFileReference; fileEncoding = 4; lastKnownFileType = text.xcconfig; path = Common.xcconfig; sourceTree = "<group>"; };
		453904FF1903E1E200E2B04F /* Control.h */ = {isa = PBXFileReference; fileEncoding = 4; lastKnownFileType = sourcecode.c.h; path = Control.h; sourceTree = "<group>"; };
		453905001903E1E200E2B04F /* Control.mm */ = {isa = PBXFileReference; fileEncoding = 4; lastKnownFileType = sourcecode.cpp.objcpp; path = Control.mm; sourceTree = "<group>"; };
		453905011903E1E200E2B04F /* TableView.h */ = {isa = PBXFileReference; fileEncoding = 4; lastKnownFileType = sourcecode.c.h; path = TableView.h; sourceTree = "<group>"; };
		453905021903E1E200E2B04F /* TableView.mm */ = {isa = PBXFileReference; fileEncoding = 4; lastKnownFileType = sourcecode.cpp.objcpp; path = TableView.mm; sourceTree = "<group>"; };
		453905031903E1E200E2B04F /* View.h */ = {isa = PBXFileReference; fileEncoding = 4; lastKnownFileType = sourcecode.c.h; path = View.h; sourceTree = "<group>"; };
		453905041903E1E200E2B04F /* View.mm */ = {isa = PBXFileReference; fileEncoding = 4; lastKnownFileType = sourcecode.cpp.objcpp; path = View.mm; sourceTree = "<group>"; };
		453905051903E1E200E2B04F /* Window.h */ = {isa = PBXFileReference; fileEncoding = 4; lastKnownFileType = sourcecode.c.h; path = Window.h; sourceTree = "<group>"; };
		453905061903E1E200E2B04F /* Window.mm */ = {isa = PBXFileReference; fileEncoding = 4; lastKnownFileType = sourcecode.cpp.objcpp; path = Window.mm; sourceTree = "<group>"; };
		453905071903E1E200E2B04F /* Common.h */ = {isa = PBXFileReference; fileEncoding = 4; lastKnownFileType = sourcecode.c.h; path = Common.h; sourceTree = "<group>"; };
		453905081903E1E200E2B04F /* Common.mm */ = {isa = PBXFileReference; fileEncoding = 4; lastKnownFileType = sourcecode.cpp.objcpp; path = Common.mm; sourceTree = "<group>"; };
		4539050C1903E1E200E2B04F /* Object.h */ = {isa = PBXFileReference; fileEncoding = 4; lastKnownFileType = sourcecode.c.h; path = Object.h; sourceTree = "<group>"; };
		4539050D1903E1E200E2B04F /* Object.mm */ = {isa = PBXFileReference; fileEncoding = 4; lastKnownFileType = sourcecode.cpp.objcpp; path = Object.mm; sourceTree = "<group>"; };
		4539050F1903E1E200E2B04F /* Any.h */ = {isa = PBXFileReference; fileEncoding = 4; lastKnownFileType = sourcecode.c.h; path = Any.h; sourceTree = "<group>"; };
		453905101903E1E200E2B04F /* Any.mm */ = {isa = PBXFileReference; fileEncoding = 4; lastKnownFileType = sourcecode.cpp.objcpp; path = Any.mm; sourceTree = "<group>"; };
		453905111903E1E200E2B04F /* None.h */ = {isa = PBXFileReference; fileEncoding = 4; lastKnownFileType = sourcecode.c.h; path = None.h; sourceTree = "<group>"; };
		453905121903E1E200E2B04F /* None.mm */ = {isa = PBXFileReference; fileEncoding = 4; lastKnownFileType = sourcecode.cpp.objcpp; path = None.mm; sourceTree = "<group>"; };
		453905231903E24D00E2B04F /* Rect.cpp */ = {isa = PBXFileReference; fileEncoding = 4; lastKnownFileType = sourcecode.cpp.cpp; path = Rect.cpp; sourceTree = "<group>"; };
		453905241903E24D00E2B04F /* Rect.h */ = {isa = PBXFileReference; fileEncoding = 4; lastKnownFileType = sourcecode.c.h; path = Rect.h; sourceTree = "<group>"; };
		453905271903E9F400E2B04F /* Responder.mm */ = {isa = PBXFileReference; fileEncoding = 4; lastKnownFileType = sourcecode.cpp.objcpp; path = Responder.mm; sourceTree = "<group>"; };
		453905281903E9F400E2B04F /* Responder.h */ = {isa = PBXFileReference; fileEncoding = 4; lastKnownFileType = sourcecode.c.h; path = Responder.h; sourceTree = "<group>"; };
		4539052B1903EBCC00E2B04F /* DESIGN PRINCIPALS.md */ = {isa = PBXFileReference; fileEncoding = 4; lastKnownFileType = text; path = "DESIGN PRINCIPALS.md"; sourceTree = "<group>"; };
		4539052D1903ED9800E2B04F /* Layer.mm */ = {isa = PBXFileReference; fileEncoding = 4; lastKnownFileType = sourcecode.cpp.objcpp; path = Layer.mm; sourceTree = "<group>"; };
		4539052E1903ED9800E2B04F /* Layer.h */ = {isa = PBXFileReference; fileEncoding = 4; lastKnownFileType = sourcecode.c.h; path = Layer.h; sourceTree = "<group>"; };
		453905311903EE1F00E2B04F /* Color.cpp */ = {isa = PBXFileReference; fileEncoding = 4; lastKnownFileType = sourcecode.cpp.cpp; path = Color.cpp; sourceTree = "<group>"; };
		453905321903EE1F00E2B04F /* Color.h */ = {isa = PBXFileReference; fileEncoding = 4; lastKnownFileType = sourcecode.c.h; path = Color.h; sourceTree = "<group>"; };
		453905351903F14100E2B04F /* Type.cpp */ = {isa = PBXFileReference; fileEncoding = 4; lastKnownFileType = sourcecode.cpp.cpp; path = Type.cpp; sourceTree = "<group>"; };
		453905361903F14100E2B04F /* Type.h */ = {isa = PBXFileReference; fileEncoding = 4; lastKnownFileType = sourcecode.c.h; path = Type.h; sourceTree = "<group>"; };
		453905391904028500E2B04F /* Color.mm */ = {isa = PBXFileReference; fileEncoding = 4; lastKnownFileType = sourcecode.cpp.objcpp; path = Color.mm; sourceTree = "<group>"; };
		4539053A1904028500E2B04F /* Color.h */ = {isa = PBXFileReference; fileEncoding = 4; lastKnownFileType = sourcecode.c.h; path = Color.h; sourceTree = "<group>"; };
		45478F641929FAA6009E72B8 /* ClassTemplate.cpp */ = {isa = PBXFileReference; fileEncoding = 4; lastKnownFileType = sourcecode.cpp.cpp; path = ClassTemplate.cpp; sourceTree = "<group>"; };
		45478F651929FAA6009E72B8 /* ClassTemplate.h */ = {isa = PBXFileReference; fileEncoding = 4; lastKnownFileType = sourcecode.c.h; path = ClassTemplate.h; sourceTree = "<group>"; };
		45478F681929FB8B009E72B8 /* Exception.cpp */ = {isa = PBXFileReference; fileEncoding = 4; lastKnownFileType = sourcecode.cpp.cpp; path = Exception.cpp; sourceTree = "<group>"; };
		45478F691929FB8B009E72B8 /* Exception.h */ = {isa = PBXFileReference; fileEncoding = 4; lastKnownFileType = sourcecode.c.h; path = Exception.h; sourceTree = "<group>"; };
		45478F6B1929FB97009E72B8 /* CommonRealtimeGameAlgorithms.xcodeproj */ = {isa = PBXFileReference; lastKnownFileType = "wrapper.pb-project"; name = CommonRealtimeGameAlgorithms.xcodeproj; path = ../CommonRealtimeGameAlgorithms/CommonRealtimeGameAlgorithms.xcodeproj; sourceTree = "<group>"; };
		45478F7B1929FFA7009E72B8 /* ErrorCheck.mm */ = {isa = PBXFileReference; fileEncoding = 4; lastKnownFileType = sourcecode.cpp.objcpp; path = ErrorCheck.mm; sourceTree = "<group>"; };
		45478F7C1929FFA7009E72B8 /* ErrorCheck.h */ = {isa = PBXFileReference; fileEncoding = 4; lastKnownFileType = sourcecode.c.h; path = ErrorCheck.h; sourceTree = "<group>"; };
		45478F7F192A04B9009E72B8 /* Application.mm */ = {isa = PBXFileReference; fileEncoding = 4; lastKnownFileType = sourcecode.cpp.objcpp; path = Application.mm; sourceTree = "<group>"; };
		45478F80192A04B9009E72B8 /* Application.h */ = {isa = PBXFileReference; fileEncoding = 4; lastKnownFileType = sourcecode.c.h; path = Application.h; sourceTree = "<group>"; };
		45478F82192A0EA9009E72B8 /* Menu.mm */ = {isa = PBXFileReference; fileEncoding = 4; lastKnownFileType = sourcecode.cpp.objcpp; path = Menu.mm; sourceTree = "<group>"; };
		45478F83192A0EA9009E72B8 /* Menu.h */ = {isa = PBXFileReference; fileEncoding = 4; lastKnownFileType = sourcecode.c.h; path = Menu.h; sourceTree = "<group>"; };
		45478F85192A3563009E72B8 /* QuartzCore.framework */ = {isa = PBXFileReference; lastKnownFileType = wrapper.framework; name = QuartzCore.framework; path = System/Library/Frameworks/QuartzCore.framework; sourceTree = SDKROOT; };
		45478F87192A35B6009E72B8 /* Cell.mm */ = {isa = PBXFileReference; fileEncoding = 4; lastKnownFileType = sourcecode.cpp.objcpp; path = Cell.mm; sourceTree = "<group>"; };
		45478F88192A35B6009E72B8 /* Cell.h */ = {isa = PBXFileReference; fileEncoding = 4; lastKnownFileType = sourcecode.c.h; path = Cell.h; sourceTree = "<group>"; };
		45478F8A192A3710009E72B8 /* Common.cpp */ = {isa = PBXFileReference; fileEncoding = 4; lastKnownFileType = sourcecode.cpp.cpp; path = Common.cpp; sourceTree = "<group>"; };
		45478F8B192A3710009E72B8 /* Common.h */ = {isa = PBXFileReference; fileEncoding = 4; lastKnownFileType = sourcecode.c.h; path = Common.h; sourceTree = "<group>"; };
		45478F8D192A3E1A009E72B8 /* Cursor.mm */ = {isa = PBXFileReference; fileEncoding = 4; lastKnownFileType = sourcecode.cpp.objcpp; path = Cursor.mm; sourceTree = "<group>"; };
		45478F8E192A3E1A009E72B8 /* Cursor.h */ = {isa = PBXFileReference; fileEncoding = 4; lastKnownFileType = sourcecode.c.h; path = Cursor.h; sourceTree = "<group>"; };
		45478F90192A41FF009E72B8 /* TextField.mm */ = {isa = PBXFileReference; fileEncoding = 4; lastKnownFileType = sourcecode.cpp.objcpp; path = TextField.mm; sourceTree = "<group>"; };
		45478F91192A41FF009E72B8 /* TextField.h */ = {isa = PBXFileReference; fileEncoding = 4; lastKnownFileType = sourcecode.c.h; path = TextField.h; sourceTree = "<group>"; };
		45478F93192A420F009E72B8 /* TextView.mm */ = {isa = PBXFileReference; fileEncoding = 4; lastKnownFileType = sourcecode.cpp.objcpp; path = TextView.mm; sourceTree = "<group>"; };
		45478F94192A420F009E72B8 /* TextView.h */ = {isa = PBXFileReference; fileEncoding = 4; lastKnownFileType = sourcecode.c.h; path = TextView.h; sourceTree = "<group>"; };
		45478F96192A4270009E72B8 /* ScrollView.mm */ = {isa = PBXFileReference; fileEncoding = 4; lastKnownFileType = sourcecode.cpp.objcpp; path = ScrollView.mm; sourceTree = "<group>"; };
		45478F97192A4270009E72B8 /* ScrollView.h */ = {isa = PBXFileReference; fileEncoding = 4; lastKnownFileType = sourcecode.c.h; path = ScrollView.h; sourceTree = "<group>"; };
		45478F99192A4277009E72B8 /* Scroller.mm */ = {isa = PBXFileReference; fileEncoding = 4; lastKnownFileType = sourcecode.cpp.objcpp; path = Scroller.mm; sourceTree = "<group>"; };
		45478F9A192A4277009E72B8 /* Scroller.h */ = {isa = PBXFileReference; fileEncoding = 4; lastKnownFileType = sourcecode.c.h; path = Scroller.h; sourceTree = "<group>"; };
		45478F9C192A429A009E72B8 /* Text.mm */ = {isa = PBXFileReference; fileEncoding = 4; lastKnownFileType = sourcecode.cpp.objcpp; path = Text.mm; sourceTree = "<group>"; };
		45478F9D192A429A009E72B8 /* Text.h */ = {isa = PBXFileReference; fileEncoding = 4; lastKnownFileType = sourcecode.c.h; path = Text.h; sourceTree = "<group>"; };
		45478F9F192A429F009E72B8 /* Font.mm */ = {isa = PBXFileReference; fileEncoding = 4; lastKnownFileType = sourcecode.cpp.objcpp; path = Font.mm; sourceTree = "<group>"; };
		45478FA0192A429F009E72B8 /* Font.h */ = {isa = PBXFileReference; fileEncoding = 4; lastKnownFileType = sourcecode.c.h; path = Font.h; sourceTree = "<group>"; };
		45478FA6192A4AC5009E72B8 /* TestWindowController1.cpp */ = {isa = PBXFileReference; fileEncoding = 4; lastKnownFileType = sourcecode.cpp.cpp; path = TestWindowController1.cpp; sourceTree = "<group>"; };
		45478FA7192A4AC5009E72B8 /* TestWindowController1.h */ = {isa = PBXFileReference; fileEncoding = 4; lastKnownFileType = sourcecode.c.h; path = TestWindowController1.h; sourceTree = "<group>"; };
		45478FA9192A4ADB009E72B8 /* WindowController.mm */ = {isa = PBXFileReference; fileEncoding = 4; lastKnownFileType = sourcecode.cpp.objcpp; path = WindowController.mm; sourceTree = "<group>"; };
		45478FAA192A4ADB009E72B8 /* WindowController.h */ = {isa = PBXFileReference; fileEncoding = 4; lastKnownFileType = sourcecode.c.h; path = WindowController.h; sourceTree = "<group>"; };
		45478FAC192A50EA009E72B8 /* Document.cpp */ = {isa = PBXFileReference; fileEncoding = 4; lastKnownFileType = sourcecode.cpp.cpp; path = Document.cpp; sourceTree = "<group>"; };
		45478FAD192A50EA009E72B8 /* Document.h */ = {isa = PBXFileReference; fileEncoding = 4; lastKnownFileType = sourcecode.c.h; path = Document.h; sourceTree = "<group>"; };
		454FDDC919088AC9008B6530 /* Image.cpp */ = {isa = PBXFileReference; fileEncoding = 4; lastKnownFileType = sourcecode.cpp.cpp; path = Image.cpp; sourceTree = "<group>"; };
		454FDDCA19088AC9008B6530 /* Image.h */ = {isa = PBXFileReference; fileEncoding = 4; lastKnownFileType = sourcecode.c.h; path = Image.h; sourceTree = "<group>"; };
		454FDDD519088E78008B6530 /* DataProvider.cpp */ = {isa = PBXFileReference; fileEncoding = 4; lastKnownFileType = sourcecode.cpp.cpp; path = DataProvider.cpp; sourceTree = "<group>"; };
		454FDDD619088E78008B6530 /* DataProvider.h */ = {isa = PBXFileReference; fileEncoding = 4; lastKnownFileType = sourcecode.c.h; path = DataProvider.h; sourceTree = "<group>"; };
		454FDDD919088F56008B6530 /* Data.cpp */ = {isa = PBXFileReference; fileEncoding = 4; lastKnownFileType = sourcecode.cpp.cpp; path = Data.cpp; sourceTree = "<group>"; };
		454FDDDA19088F56008B6530 /* Data.h */ = {isa = PBXFileReference; fileEncoding = 4; lastKnownFileType = sourcecode.c.h; path = Data.h; sourceTree = "<group>"; };
		454FDDDD190890E7008B6530 /* Cocoa.cpp */ = {isa = PBXFileReference; fileEncoding = 4; lastKnownFileType = sourcecode.cpp.cpp; path = Cocoa.cpp; sourceTree = "<group>"; };
		454FDDDE190890E7008B6530 /* Cocoa.h */ = {isa = PBXFileReference; fileEncoding = 4; lastKnownFileType = sourcecode.c.h; path = Cocoa.h; sourceTree = "<group>"; };
		454FDDF01908944E008B6530 /* ColorSpace.cpp */ = {isa = PBXFileReference; fileEncoding = 4; lastKnownFileType = sourcecode.cpp.cpp; path = ColorSpace.cpp; sourceTree = "<group>"; };
		454FDDF11908944E008B6530 /* ColorSpace.h */ = {isa = PBXFileReference; fileEncoding = 4; lastKnownFileType = sourcecode.c.h; path = ColorSpace.h; sourceTree = "<group>"; };
		454FDDF41908962E008B6530 /* String.cpp */ = {isa = PBXFileReference; fileEncoding = 4; lastKnownFileType = sourcecode.cpp.cpp; path = String.cpp; sourceTree = "<group>"; };
		454FDDF51908962E008B6530 /* String.h */ = {isa = PBXFileReference; fileEncoding = 4; lastKnownFileType = sourcecode.c.h; path = String.h; sourceTree = "<group>"; };
		457B61671909FED60021A442 /* ImageDestination.cpp */ = {isa = PBXFileReference; fileEncoding = 4; lastKnownFileType = sourcecode.cpp.cpp; path = ImageDestination.cpp; sourceTree = "<group>"; };
		457B61681909FED60021A442 /* ImageDestination.h */ = {isa = PBXFileReference; fileEncoding = 4; lastKnownFileType = sourcecode.c.h; path = ImageDestination.h; sourceTree = "<group>"; };
		458443FB1903327100B468A7 /* libEonilCocoa.a */ = {isa = PBXFileReference; explicitFileType = archive.ar; includeInIndex = 0; path = libEonilCocoa.a; sourceTree = BUILT_PRODUCTS_DIR; };
		4584441919033CDC00B468A7 /* README.md */ = {isa = PBXFileReference; fileEncoding = 4; lastKnownFileType = text; path = README.md; sourceTree = "<group>"; };
		4584442E1903D5E800B468A7 /* TestApp.app */ = {isa = PBXFileReference; explicitFileType = wrapper.application; includeInIndex = 0; path = TestApp.app; sourceTree = BUILT_PRODUCTS_DIR; };
		458444301903D5E800B468A7 /* Cocoa.framework */ = {isa = PBXFileReference; lastKnownFileType = wrapper.framework; name = Cocoa.framework; path = System/Library/Frameworks/Cocoa.framework; sourceTree = SDKROOT; };
		458444331903D5E800B468A7 /* AppKit.framework */ = {isa = PBXFileReference; lastKnownFileType = wrapper.framework; name = AppKit.framework; path = System/Library/Frameworks/AppKit.framework; sourceTree = SDKROOT; };
		458444341903D5E800B468A7 /* CoreData.framework */ = {isa = PBXFileReference; lastKnownFileType = wrapper.framework; name = CoreData.framework; path = System/Library/Frameworks/CoreData.framework; sourceTree = SDKROOT; };
		458444351903D5E800B468A7 /* Foundation.framework */ = {isa = PBXFileReference; lastKnownFileType = wrapper.framework; name = Foundation.framework; path = System/Library/Frameworks/Foundation.framework; sourceTree = SDKROOT; };
		4584443C1903D5E800B468A7 /* main.cpp */ = {isa = PBXFileReference; lastKnownFileType = sourcecode.cpp.cpp; path = main.cpp; sourceTree = "<group>"; };
		4584443E1903D5E800B468A7 /* TestApp-Prefix.pch */ = {isa = PBXFileReference; lastKnownFileType = sourcecode.c.h; path = "TestApp-Prefix.pch"; sourceTree = "<group>"; };
		458444421903D5E800B468A7 /* AppDelegate.h */ = {isa = PBXFileReference; lastKnownFileType = sourcecode.c.h; path = AppDelegate.h; sourceTree = "<group>"; };
		458444431903D5E800B468A7 /* AppDelegate.mm */ = {isa = PBXFileReference; lastKnownFileType = sourcecode.cpp.objcpp; path = AppDelegate.mm; sourceTree = "<group>"; };
		4584444F1903D5E900B468A7 /* XCTest.framework */ = {isa = PBXFileReference; lastKnownFileType = wrapper.framework; name = XCTest.framework; path = Library/Frameworks/XCTest.framework; sourceTree = DEVELOPER_DIR; };
		458444561903D5E900B468A7 /* TestAppTests-Info.plist */ = {isa = PBXFileReference; lastKnownFileType = text.plist.xml; path = "TestAppTests-Info.plist"; sourceTree = "<group>"; };
		458444581903D5E900B468A7 /* en */ = {isa = PBXFileReference; lastKnownFileType = text.plist.strings; name = en; path = en.lproj/InfoPlist.strings; sourceTree = "<group>"; };
		4584445A1903D5E900B468A7 /* TestAppTests.m */ = {isa = PBXFileReference; lastKnownFileType = sourcecode.c.objc; path = TestAppTests.m; sourceTree = "<group>"; };
		45B76BE719096D30002DF53B /* LICENSE.md */ = {isa = PBXFileReference; fileEncoding = 4; lastKnownFileType = text; path = LICENSE.md; sourceTree = "<group>"; };
		45B76BFB19097C86002DF53B /* Pasteboard.mm */ = {isa = PBXFileReference; fileEncoding = 4; lastKnownFileType = sourcecode.cpp.objcpp; path = Pasteboard.mm; sourceTree = "<group>"; };
		45B76BFC19097C86002DF53B /* Pasteboard.h */ = {isa = PBXFileReference; fileEncoding = 4; lastKnownFileType = sourcecode.c.h; path = Pasteboard.h; sourceTree = "<group>"; };
		45B76BFE19097D10002DF53B /* String.mm */ = {isa = PBXFileReference; fileEncoding = 4; lastKnownFileType = sourcecode.cpp.objcpp; path = String.mm; sourceTree = "<group>"; };
		45B76BFF19097D10002DF53B /* String.h */ = {isa = PBXFileReference; fileEncoding = 4; lastKnownFileType = sourcecode.c.h; path = String.h; sourceTree = "<group>"; };
		45B76C0119098401002DF53B /* DraggingDestination.mm */ = {isa = PBXFileReference; fileEncoding = 4; lastKnownFileType = sourcecode.cpp.objcpp; path = DraggingDestination.mm; sourceTree = "<group>"; };
		45B76C0219098401002DF53B /* DraggingDestination.h */ = {isa = PBXFileReference; fileEncoding = 4; lastKnownFileType = sourcecode.c.h; path = DraggingDestination.h; sourceTree = "<group>"; };
		45B76C0819099914002DF53B /* Array.mm */ = {isa = PBXFileReference; fileEncoding = 4; lastKnownFileType = sourcecode.cpp.objcpp; path = Array.mm; sourceTree = "<group>"; };
		45B76C0919099914002DF53B /* Array.h */ = {isa = PBXFileReference; fileEncoding = 4; lastKnownFileType = sourcecode.c.h; path = Array.h; sourceTree = "<group>"; };
		45B76C0B19099DE5002DF53B /* Data.mm */ = {isa = PBXFileReference; fileEncoding = 4; lastKnownFileType = sourcecode.cpp.objcpp; path = Data.mm; sourceTree = "<group>"; };
		45B76C0C19099DE5002DF53B /* Data.h */ = {isa = PBXFileReference; fileEncoding = 4; lastKnownFileType = sourcecode.c.h; path = Data.h; sourceTree = "<group>"; };
		45B76C101909B639002DF53B /* ImageView.mm */ = {isa = PBXFileReference; fileEncoding = 4; lastKnownFileType = sourcecode.cpp.objcpp; path = ImageView.mm; sourceTree = "<group>"; };
		45B76C111909B639002DF53B /* ImageView.h */ = {isa = PBXFileReference; fileEncoding = 4; lastKnownFileType = sourcecode.c.h; path = ImageView.h; sourceTree = "<group>"; };
		45B76C131909B7BF002DF53B /* Image.mm */ = {isa = PBXFileReference; fileEncoding = 4; lastKnownFileType = sourcecode.cpp.objcpp; path = Image.mm; sourceTree = "<group>"; };
		45B76C141909B7BF002DF53B /* Image.h */ = {isa = PBXFileReference; fileEncoding = 4; lastKnownFileType = sourcecode.c.h; path = Image.h; sourceTree = "<group>"; };
		45B76C161909CDEC002DF53B /* SplitView.mm */ = {isa = PBXFileReference; fileEncoding = 4; lastKnownFileType = sourcecode.cpp.objcpp; path = SplitView.mm; sourceTree = "<group>"; };
		45B76C171909CDEC002DF53B /* SplitView.h */ = {isa = PBXFileReference; fileEncoding = 4; lastKnownFileType = sourcecode.c.h; path = SplitView.h; sourceTree = "<group>"; };
		45B76C191909EF68002DF53B /* FileManager.mm */ = {isa = PBXFileReference; fileEncoding = 4; lastKnownFileType = sourcecode.cpp.objcpp; path = FileManager.mm; sourceTree = "<group>"; };
		45B76C1A1909EF68002DF53B /* FileManager.h */ = {isa = PBXFileReference; fileEncoding = 4; lastKnownFileType = sourcecode.c.h; path = FileManager.h; sourceTree = "<group>"; };
		45B76C1C1909F1C9002DF53B /* URL.mm */ = {isa = PBXFileReference; fileEncoding = 4; lastKnownFileType = sourcecode.cpp.objcpp; path = URL.mm; sourceTree = "<group>"; };
		45B76C1D1909F1C9002DF53B /* URL.h */ = {isa = PBXFileReference; fileEncoding = 4; lastKnownFileType = sourcecode.c.h; path = URL.h; sourceTree = "<group>"; };
		45E2823E190CD2F900BB1BB8 /* Test1.cpp */ = {isa = PBXFileReference; fileEncoding = 4; lastKnownFileType = sourcecode.cpp.cpp; path = Test1.cpp; sourceTree = "<group>"; };
		45E2823F190CD2F900BB1BB8 /* Test1.h */ = {isa = PBXFileReference; fileEncoding = 4; lastKnownFileType = sourcecode.c.h; path = Test1.h; sourceTree = "<group>"; };
		45FC6F73190D94450018BC59 /* Date.mm */ = {isa = PBXFileReference; fileEncoding = 4; lastKnownFileType = sourcecode.cpp.objcpp; path = Date.mm; sourceTree = "<group>"; };
		45FC6F74190D94450018BC59 /* Date.h */ = {isa = PBXFileReference; fileEncoding = 4; lastKnownFileType = sourcecode.c.h; path = Date.h; sourceTree = "<group>"; };
/* End PBXFileReference section */

/* Begin PBXFrameworksBuildPhase section */
		458443F81903327100B468A7 /* Frameworks */ = {
			isa = PBXFrameworksBuildPhase;
			buildActionMask = 2147483647;
			files = (
			);
			runOnlyForDeploymentPostprocessing = 0;
		};
		4584442B1903D5E800B468A7 /* Frameworks */ = {
			isa = PBXFrameworksBuildPhase;
			buildActionMask = 2147483647;
			files = (
				45478F86192A3563009E72B8 /* QuartzCore.framework in Frameworks */,
				45478F7E192A024B009E72B8 /* libEonilCommonRealtimeGameAlgorithms.a in Frameworks */,
				453904D41903DAD700E2B04F /* libEonilCocoa.a in Frameworks */,
				458444311903D5E800B468A7 /* Cocoa.framework in Frameworks */,
			);
			runOnlyForDeploymentPostprocessing = 0;
		};
/* End PBXFrameworksBuildPhase section */

/* Begin PBXGroup section */
		4504CF47192B69FE00F3FC8B /* Metadata */ = {
			isa = PBXGroup;
			children = (
				4504CF48192B6A0700F3FC8B /* Common.xcconfig */,
			);
			path = Metadata;
			sourceTree = "<group>";
		};
		4504CF63192B7A3F00F3FC8B /* (responder subclasses) */ = {
			isa = PBXGroup;
			children = (
				453905041903E1E200E2B04F /* View.mm */,
				453905031903E1E200E2B04F /* View.h */,
				4504CF64192B7A6900F3FC8B /* (view subclasses) */,
				453905061903E1E200E2B04F /* Window.mm */,
				453905051903E1E200E2B04F /* Window.h */,
				45478FA9192A4ADB009E72B8 /* WindowController.mm */,
				45478FAA192A4ADB009E72B8 /* WindowController.h */,
				45478F7F192A04B9009E72B8 /* Application.mm */,
				45478F80192A04B9009E72B8 /* Application.h */,
			);
			name = "(responder subclasses)";
			sourceTree = "<group>";
		};
		4504CF64192B7A6900F3FC8B /* (view subclasses) */ = {
			isa = PBXGroup;
			children = (
				453905001903E1E200E2B04F /* Control.mm */,
				453904FF1903E1E200E2B04F /* Control.h */,
				4504CF65192B7A8100F3FC8B /* (control subclasses) */,
				45478F9C192A429A009E72B8 /* Text.mm */,
				45478F9D192A429A009E72B8 /* Text.h */,
				45478F90192A41FF009E72B8 /* TextField.mm */,
				45478F91192A41FF009E72B8 /* TextField.h */,
				45478F93192A420F009E72B8 /* TextView.mm */,
				45478F94192A420F009E72B8 /* TextView.h */,
				45B76C161909CDEC002DF53B /* SplitView.mm */,
				45B76C171909CDEC002DF53B /* SplitView.h */,
				45478F99192A4277009E72B8 /* Scroller.mm */,
				45478F9A192A4277009E72B8 /* Scroller.h */,
				45478F96192A4270009E72B8 /* ScrollView.mm */,
				45478F97192A4270009E72B8 /* ScrollView.h */,
				453905021903E1E200E2B04F /* TableView.mm */,
				453905011903E1E200E2B04F /* TableView.h */,
			);
			name = "(view subclasses)";
			sourceTree = "<group>";
		};
		4504CF65192B7A8100F3FC8B /* (control subclasses) */ = {
			isa = PBXGroup;
			children = (
				45B76C101909B639002DF53B /* ImageView.mm */,
				45B76C111909B639002DF53B /* ImageView.h */,
			);
			name = "(control subclasses)";
			sourceTree = "<group>";
		};
		453904D51903E14100E2B04F /* Platform */ = {
			isa = PBXGroup;
			children = (
				45478F671929FB83009E72B8 /* Debugging */,
				453904FD1903E1E200E2B04F /* Apple */,
			);
			path = Platform;
			sourceTree = "<group>";
		};
		453904FD1903E1E200E2B04F /* Apple */ = {
			isa = PBXGroup;
			children = (
				454FDDDD190890E7008B6530 /* Cocoa.cpp */,
				454FDDDE190890E7008B6530 /* Cocoa.h */,
				453905071903E1E200E2B04F /* Common.h */,
				453905081903E1E200E2B04F /* Common.mm */,
				453905091903E1E200E2B04F /* CoreFoundation */,
				4539050A1903E1E200E2B04F /* CoreGraphics */,
				4539050E1903E1E200E2B04F /* ObjectiveC */,
				4539052C1903ED9000E2B04F /* CoreAnimation */,
				4539050B1903E1E200E2B04F /* Foundation */,
				453904FE1903E1E200E2B04F /* AppKit */,
			);
			path = Apple;
			sourceTree = "<group>";
		};
		453904FE1903E1E200E2B04F /* AppKit */ = {
			isa = PBXGroup;
			children = (
				45478F8A192A3710009E72B8 /* Common.cpp */,
				45478F8B192A3710009E72B8 /* Common.h */,
				45478F8D192A3E1A009E72B8 /* Cursor.mm */,
				45478F8E192A3E1A009E72B8 /* Cursor.h */,
				45B76C191909EF68002DF53B /* FileManager.mm */,
				45B76C1A1909EF68002DF53B /* FileManager.h */,
				453905391904028500E2B04F /* Color.mm */,
				4539053A1904028500E2B04F /* Color.h */,
				45B76C131909B7BF002DF53B /* Image.mm */,
				45B76C141909B7BF002DF53B /* Image.h */,
				45478F9F192A429F009E72B8 /* Font.mm */,
				45478FA0192A429F009E72B8 /* Font.h */,
				45478F87192A35B6009E72B8 /* Cell.mm */,
				45478F88192A35B6009E72B8 /* Cell.h */,
				45B76BFB19097C86002DF53B /* Pasteboard.mm */,
				45B76BFC19097C86002DF53B /* Pasteboard.h */,
				45B76C0119098401002DF53B /* DraggingDestination.mm */,
				45B76C0219098401002DF53B /* DraggingDestination.h */,
				45478FAC192A50EA009E72B8 /* Document.cpp */,
				45478FAD192A50EA009E72B8 /* Document.h */,
				45478F82192A0EA9009E72B8 /* Menu.mm */,
				45478F83192A0EA9009E72B8 /* Menu.h */,
				453905271903E9F400E2B04F /* Responder.mm */,
				453905281903E9F400E2B04F /* Responder.h */,
				4504CF63192B7A3F00F3FC8B /* (responder subclasses) */,
			);
			path = AppKit;
			sourceTree = "<group>";
		};
		453905091903E1E200E2B04F /* CoreFoundation */ = {
			isa = PBXGroup;
			children = (
				453905351903F14100E2B04F /* Type.cpp */,
				453905361903F14100E2B04F /* Type.h */,
				454FDDD919088F56008B6530 /* Data.cpp */,
				454FDDDA19088F56008B6530 /* Data.h */,
				454FDDF41908962E008B6530 /* String.cpp */,
				454FDDF51908962E008B6530 /* String.h */,
			);
			path = CoreFoundation;
			sourceTree = "<group>";
		};
		4539050A1903E1E200E2B04F /* CoreGraphics */ = {
			isa = PBXGroup;
			children = (
				453905231903E24D00E2B04F /* Rect.cpp */,
				453905241903E24D00E2B04F /* Rect.h */,
				453905311903EE1F00E2B04F /* Color.cpp */,
				453905321903EE1F00E2B04F /* Color.h */,
				454FDDF01908944E008B6530 /* ColorSpace.cpp */,
				454FDDF11908944E008B6530 /* ColorSpace.h */,
				454FDDD519088E78008B6530 /* DataProvider.cpp */,
				454FDDD619088E78008B6530 /* DataProvider.h */,
				454FDDC919088AC9008B6530 /* Image.cpp */,
				454FDDCA19088AC9008B6530 /* Image.h */,
				457B61671909FED60021A442 /* ImageDestination.cpp */,
				457B61681909FED60021A442 /* ImageDestination.h */,
			);
			path = CoreGraphics;
			sourceTree = "<group>";
		};
		4539050B1903E1E200E2B04F /* Foundation */ = {
			isa = PBXGroup;
			children = (
				4539050D1903E1E200E2B04F /* Object.mm */,
				4539050C1903E1E200E2B04F /* Object.h */,
				45B76C0B19099DE5002DF53B /* Data.mm */,
				45B76C0C19099DE5002DF53B /* Data.h */,
				45B76C0819099914002DF53B /* Array.mm */,
				45B76C0919099914002DF53B /* Array.h */,
				45B76BFE19097D10002DF53B /* String.mm */,
				45B76BFF19097D10002DF53B /* String.h */,
				45B76C1C1909F1C9002DF53B /* URL.mm */,
				45B76C1D1909F1C9002DF53B /* URL.h */,
				45FC6F73190D94450018BC59 /* Date.mm */,
				45FC6F74190D94450018BC59 /* Date.h */,
			);
			path = Foundation;
			sourceTree = "<group>";
		};
		4539050E1903E1E200E2B04F /* ObjectiveC */ = {
			isa = PBXGroup;
			children = (
				4539050F1903E1E200E2B04F /* Any.h */,
				453905101903E1E200E2B04F /* Any.mm */,
				453905111903E1E200E2B04F /* None.h */,
				453905121903E1E200E2B04F /* None.mm */,
				45478F631929FA93009E72B8 /* InternalRawStuffs */,
			);
			path = ObjectiveC;
			sourceTree = "<group>";
		};
		4539052C1903ED9000E2B04F /* CoreAnimation */ = {
			isa = PBXGroup;
			children = (
				4539052D1903ED9800E2B04F /* Layer.mm */,
				4539052E1903ED9800E2B04F /* Layer.h */,
			);
			path = CoreAnimation;
			sourceTree = "<group>";
		};
		45478F631929FA93009E72B8 /* InternalRawStuffs */ = {
			isa = PBXGroup;
			children = (
				45478F641929FAA6009E72B8 /* ClassTemplate.cpp */,
				45478F651929FAA6009E72B8 /* ClassTemplate.h */,
				45478F7B1929FFA7009E72B8 /* ErrorCheck.mm */,
				45478F7C1929FFA7009E72B8 /* ErrorCheck.h */,
			);
			path = InternalRawStuffs;
			sourceTree = "<group>";
		};
		45478F671929FB83009E72B8 /* Debugging */ = {
			isa = PBXGroup;
			children = (
				45478F681929FB8B009E72B8 /* Exception.cpp */,
				45478F691929FB8B009E72B8 /* Exception.h */,
			);
			path = Debugging;
			sourceTree = "<group>";
		};
		45478F6C1929FB97009E72B8 /* Products */ = {
			isa = PBXGroup;
			children = (
				45478F731929FB97009E72B8 /* libEonilCommonRealtimeGameAlgorithms.a */,
				45478F751929FB97009E72B8 /* libEonilCommonRealtimeGameAlgorithms.a */,
				45478F771929FB97009E72B8 /* CommonRealtimeGameAlgorithms - Tester - OSX */,
				45478F791929FB97009E72B8 /* CommonRealtimeGameAlgorithms - Tester - iOS.app */,
			);
			name = Products;
			sourceTree = "<group>";
		};
		45478F7A1929FBAC009E72B8 /* Dependencies */ = {
			isa = PBXGroup;
			children = (
				45478F6B1929FB97009E72B8 /* CommonRealtimeGameAlgorithms.xcodeproj */,
			);
			name = Dependencies;
			sourceTree = "<group>";
		};
		458443F21903327100B468A7 = {
			isa = PBXGroup;
			children = (
				4584441919033CDC00B468A7 /* README.md */,
				45B76BE719096D30002DF53B /* LICENSE.md */,
				4539052B1903EBCC00E2B04F /* DESIGN PRINCIPALS.md */,
				4504CF2D192B5F3B00F3FC8B /* WEIRD STUFF EXPLANATIONS.md */,
				45478F7A1929FBAC009E72B8 /* Dependencies */,
				4504CF47192B69FE00F3FC8B /* Metadata */,
				458444021903328900B468A7 /* Sources */,
				458444361903D5E800B468A7 /* TestApp */,
				458444541903D5E900B468A7 /* TestAppTests */,
				4584442F1903D5E800B468A7 /* Frameworks */,
				458443FC1903327100B468A7 /* Products */,
			);
			sourceTree = "<group>";
		};
		458443FC1903327100B468A7 /* Products */ = {
			isa = PBXGroup;
			children = (
				458443FB1903327100B468A7 /* libEonilCocoa.a */,
				4584442E1903D5E800B468A7 /* TestApp.app */,
			);
			name = Products;
			sourceTree = "<group>";
		};
		458444021903328900B468A7 /* Sources */ = {
			isa = PBXGroup;
			children = (
				458444031903328900B468A7 /* Eonil */,
			);
			path = Sources;
			sourceTree = "<group>";
		};
		458444031903328900B468A7 /* Eonil */ = {
			isa = PBXGroup;
			children = (
				453904D51903E14100E2B04F /* Platform */,
			);
			path = Eonil;
			sourceTree = "<group>";
		};
		4584442F1903D5E800B468A7 /* Frameworks */ = {
			isa = PBXGroup;
			children = (
				45478F85192A3563009E72B8 /* QuartzCore.framework */,
				458444301903D5E800B468A7 /* Cocoa.framework */,
				4584444F1903D5E900B468A7 /* XCTest.framework */,
				458444321903D5E800B468A7 /* Other Frameworks */,
			);
			name = Frameworks;
			sourceTree = "<group>";
		};
		458444321903D5E800B468A7 /* Other Frameworks */ = {
			isa = PBXGroup;
			children = (
				458444331903D5E800B468A7 /* AppKit.framework */,
				458444341903D5E800B468A7 /* CoreData.framework */,
				458444351903D5E800B468A7 /* Foundation.framework */,
			);
			name = "Other Frameworks";
			sourceTree = "<group>";
		};
		458444361903D5E800B468A7 /* TestApp */ = {
			isa = PBXGroup;
			children = (
				4584443E1903D5E800B468A7 /* TestApp-Prefix.pch */,
				45478FA6192A4AC5009E72B8 /* TestWindowController1.cpp */,
				45478FA7192A4AC5009E72B8 /* TestWindowController1.h */,
				45E2823E190CD2F900BB1BB8 /* Test1.cpp */,
				45E2823F190CD2F900BB1BB8 /* Test1.h */,
				4584443C1903D5E800B468A7 /* main.cpp */,
				458444421903D5E800B468A7 /* AppDelegate.h */,
				458444431903D5E800B468A7 /* AppDelegate.mm */,
			);
			path = TestApp;
			sourceTree = "<group>";
		};
		458444541903D5E900B468A7 /* TestAppTests */ = {
			isa = PBXGroup;
			children = (
				4584445A1903D5E900B468A7 /* TestAppTests.m */,
				458444551903D5E900B468A7 /* Supporting Files */,
			);
			path = TestAppTests;
			sourceTree = "<group>";
		};
		458444551903D5E900B468A7 /* Supporting Files */ = {
			isa = PBXGroup;
			children = (
				458444561903D5E900B468A7 /* TestAppTests-Info.plist */,
				458444571903D5E900B468A7 /* InfoPlist.strings */,
			);
			name = "Supporting Files";
			sourceTree = "<group>";
		};
/* End PBXGroup section */

/* Begin PBXNativeTarget section */
		458443FA1903327100B468A7 /* Cocoa++ */ = {
			isa = PBXNativeTarget;
			buildConfigurationList = 458443FF1903327100B468A7 /* Build configuration list for PBXNativeTarget "Cocoa++" */;
			buildPhases = (
				458443F71903327100B468A7 /* Sources */,
				458443F81903327100B468A7 /* Frameworks */,
			);
			buildRules = (
			);
			dependencies = (
			);
			name = "Cocoa++";
			productName = "Cocoa++";
			productReference = 458443FB1903327100B468A7 /* libEonilCocoa.a */;
			productType = "com.apple.product-type.library.static";
		};
		4584442D1903D5E800B468A7 /* TestApp */ = {
			isa = PBXNativeTarget;
			buildConfigurationList = 4584445C1903D5E900B468A7 /* Build configuration list for PBXNativeTarget "TestApp" */;
			buildPhases = (
				4584442A1903D5E800B468A7 /* Sources */,
				4584442B1903D5E800B468A7 /* Frameworks */,
			);
			buildRules = (
			);
			dependencies = (
				456384351903D7F300383F52 /* PBXTargetDependency */,
			);
			name = TestApp;
			productName = TestApp;
			productReference = 4584442E1903D5E800B468A7 /* TestApp.app */;
			productType = "com.apple.product-type.application";
		};
/* End PBXNativeTarget section */

/* Begin PBXProject section */
		458443F31903327100B468A7 /* Project object */ = {
			isa = PBXProject;
			attributes = {
				LastUpgradeCheck = 0510;
				ORGANIZATIONNAME = Eonil;
			};
			buildConfigurationList = 458443F61903327100B468A7 /* Build configuration list for PBXProject "Cocoa++" */;
			compatibilityVersion = "Xcode 3.2";
			developmentRegion = English;
			hasScannedForEncodings = 0;
			knownRegions = (
				en,
				Base,
			);
			mainGroup = 458443F21903327100B468A7;
			productRefGroup = 458443FC1903327100B468A7 /* Products */;
			projectDirPath = "";
			projectReferences = (
				{
					ProductGroup = 45478F6C1929FB97009E72B8 /* Products */;
					ProjectRef = 45478F6B1929FB97009E72B8 /* CommonRealtimeGameAlgorithms.xcodeproj */;
				},
			);
			projectRoot = "";
			targets = (
				458443FA1903327100B468A7 /* Cocoa++ */,
				4584442D1903D5E800B468A7 /* TestApp */,
			);
		};
/* End PBXProject section */

/* Begin PBXReferenceProxy section */
		45478F731929FB97009E72B8 /* libEonilCommonRealtimeGameAlgorithms.a */ = {
			isa = PBXReferenceProxy;
			fileType = archive.ar;
			path = libEonilCommonRealtimeGameAlgorithms.a;
			remoteRef = 45478F721929FB97009E72B8 /* PBXContainerItemProxy */;
			sourceTree = BUILT_PRODUCTS_DIR;
		};
		45478F751929FB97009E72B8 /* libEonilCommonRealtimeGameAlgorithms.a */ = {
			isa = PBXReferenceProxy;
			fileType = archive.ar;
			path = libEonilCommonRealtimeGameAlgorithms.a;
			remoteRef = 45478F741929FB97009E72B8 /* PBXContainerItemProxy */;
			sourceTree = BUILT_PRODUCTS_DIR;
		};
		45478F771929FB97009E72B8 /* CommonRealtimeGameAlgorithms - Tester - OSX */ = {
			isa = PBXReferenceProxy;
			fileType = "compiled.mach-o.executable";
			path = "CommonRealtimeGameAlgorithms - Tester - OSX";
			remoteRef = 45478F761929FB97009E72B8 /* PBXContainerItemProxy */;
			sourceTree = BUILT_PRODUCTS_DIR;
		};
		45478F791929FB97009E72B8 /* CommonRealtimeGameAlgorithms - Tester - iOS.app */ = {
			isa = PBXReferenceProxy;
			fileType = wrapper.application;
			path = "CommonRealtimeGameAlgorithms - Tester - iOS.app";
			remoteRef = 45478F781929FB97009E72B8 /* PBXContainerItemProxy */;
			sourceTree = BUILT_PRODUCTS_DIR;
		};
/* End PBXReferenceProxy section */

/* Begin PBXSourcesBuildPhase section */
		458443F71903327100B468A7 /* Sources */ = {
			isa = PBXSourcesBuildPhase;
			buildActionMask = 2147483647;
			files = (
				45B76C0319098401002DF53B /* DraggingDestination.mm in Sources */,
				45B76BD9190934F2002DF53B /* Any.mm in Sources */,
				45B76BDA190934F2002DF53B /* None.mm in Sources */,
				45B76BDB190934F2002DF53B /* Layer.mm in Sources */,
				45B76BFD19097C86002DF53B /* Pasteboard.mm in Sources */,
				45B76BDC190934F2002DF53B /* Object.mm in Sources */,
				45B76C151909B7BF002DF53B /* Image.mm in Sources */,
				45B76C121909B639002DF53B /* ImageView.mm in Sources */,
				45B76BDD190934F2002DF53B /* Color.mm in Sources */,
				45478F9E192A429A009E72B8 /* Text.mm in Sources */,
				45478F8F192A3E1A009E72B8 /* Cursor.mm in Sources */,
				45B76C181909CDEC002DF53B /* SplitView.mm in Sources */,
				45B76BDE190934F2002DF53B /* View.mm in Sources */,
				45478F89192A35B6009E72B8 /* Cell.mm in Sources */,
				45B76BDF190934F2002DF53B /* Control.mm in Sources */,
				45B76BE0190934F2002DF53B /* TableView.mm in Sources */,
				45B76BE1190934F2002DF53B /* Responder.mm in Sources */,
				45B76BE2190934F2002DF53B /* Window.mm in Sources */,
				45478F7D1929FFA7009E72B8 /* ErrorCheck.mm in Sources */,
				45478F84192A0EA9009E72B8 /* Menu.mm in Sources */,
				45478F6A1929FB8B009E72B8 /* Exception.cpp in Sources */,
				457B61691909FED60021A442 /* ImageDestination.cpp in Sources */,
				45478F98192A4270009E72B8 /* ScrollView.mm in Sources */,
				45B76C1E1909F1C9002DF53B /* URL.mm in Sources */,
				45478FA1192A429F009E72B8 /* Font.mm in Sources */,
				45478F92192A41FF009E72B8 /* TextField.mm in Sources */,
				45B76C1B1909EF68002DF53B /* FileManager.mm in Sources */,
				45478F81192A04B9009E72B8 /* Application.mm in Sources */,
				45B76BD1190934C4002DF53B /* Cocoa.cpp in Sources */,
				45478FAB192A4ADB009E72B8 /* WindowController.mm in Sources */,
				45B76BD2190934C4002DF53B /* Type.cpp in Sources */,
				45B76BD3190934C4002DF53B /* Data.cpp in Sources */,
				45B76BD4190934C4002DF53B /* Rect.cpp in Sources */,
				45B76BD5190934C4002DF53B /* Color.cpp in Sources */,
				45FC6F75190D94450018BC59 /* Date.mm in Sources */,
				45478F8C192A3710009E72B8 /* Common.cpp in Sources */,
				45B76C0A19099914002DF53B /* Array.mm in Sources */,
				45B76BD6190934C4002DF53B /* ColorSpace.cpp in Sources */,
				45B76C0D19099DE5002DF53B /* Data.mm in Sources */,
				45B76BD7190934C4002DF53B /* DataProvider.cpp in Sources */,
				45478F661929FAA6009E72B8 /* ClassTemplate.cpp in Sources */,
				45B76BD8190934C4002DF53B /* Image.cpp in Sources */,
				45B76BCF19093496002DF53B /* String.cpp in Sources */,
				45478F95192A420F009E72B8 /* TextView.mm in Sources */,
				45478FAE192A50EA009E72B8 /* Document.cpp in Sources */,
				45B76C0019097D10002DF53B /* String.mm in Sources */,
				459DC83D19089F5C00FF6BD2 /* Common.mm in Sources */,
				45478F9B192A4277009E72B8 /* Scroller.mm in Sources */,
			);
			runOnlyForDeploymentPostprocessing = 0;
		};
		4584442A1903D5E800B468A7 /* Sources */ = {
			isa = PBXSourcesBuildPhase;
			buildActionMask = 2147483647;
			files = (
				45E28240190CD2F900BB1BB8 /* Test1.cpp in Sources */,
				458444441903D5E800B468A7 /* AppDelegate.mm in Sources */,
				4584443D1903D5E800B468A7 /* main.cpp in Sources */,
				45478FA8192A4AC5009E72B8 /* TestWindowController1.cpp in Sources */,
			);
			runOnlyForDeploymentPostprocessing = 0;
		};
/* End PBXSourcesBuildPhase section */

/* Begin PBXTargetDependency section */
		456384351903D7F300383F52 /* PBXTargetDependency */ = {
			isa = PBXTargetDependency;
			target = 458443FA1903327100B468A7 /* Cocoa++ */;
			targetProxy = 456384341903D7F300383F52 /* PBXContainerItemProxy */;
		};
/* End PBXTargetDependency section */

/* Begin PBXVariantGroup section */
		458444571903D5E900B468A7 /* InfoPlist.strings */ = {
			isa = PBXVariantGroup;
			children = (
				458444581903D5E900B468A7 /* en */,
			);
			name = InfoPlist.strings;
			sourceTree = "<group>";
		};
/* End PBXVariantGroup section */

/* Begin XCBuildConfiguration section */
		458443FD1903327100B468A7 /* Debug */ = {
			isa = XCBuildConfiguration;
			baseConfigurationReference = 4504CF48192B6A0700F3FC8B /* Common.xcconfig */;
			buildSettings = {
				ALWAYS_SEARCH_USER_PATHS = NO;
				CLANG_CXX_LANGUAGE_STANDARD = "c++0x";
				CLANG_CXX_LIBRARY = "libc++";
				CLANG_ENABLE_MODULES = YES;
				CLANG_ENABLE_OBJC_ARC = YES;
				CLANG_WARN_BOOL_CONVERSION = YES;
				CLANG_WARN_CONSTANT_CONVERSION = YES;
				CLANG_WARN_DIRECT_OBJC_ISA_USAGE = YES_ERROR;
				CLANG_WARN_EMPTY_BODY = YES;
				CLANG_WARN_ENUM_CONVERSION = YES;
				CLANG_WARN_INT_CONVERSION = YES;
				CLANG_WARN_OBJC_ROOT_CLASS = YES_ERROR;
				CLANG_WARN__DUPLICATE_METHOD_MATCH = YES;
				COPY_PHASE_STRIP = NO;
				GCC_C_LANGUAGE_STANDARD = c11;
				GCC_DYNAMIC_NO_PIC = NO;
				GCC_ENABLE_OBJC_EXCEPTIONS = YES;
				GCC_OPTIMIZATION_LEVEL = 0;
				GCC_PREPROCESSOR_DEFINITIONS = (
					"DEBUG=1",
					"$(inherited)",
					"EONIL_COMMON_REALTIME_GAME_ALGORITHMS_DEBUG_MODE=1",
				);
				GCC_SYMBOLS_PRIVATE_EXTERN = NO;
				GCC_WARN_64_TO_32_BIT_CONVERSION = YES;
				GCC_WARN_ABOUT_RETURN_TYPE = YES_ERROR;
				GCC_WARN_UNDECLARED_SELECTOR = YES;
				GCC_WARN_UNINITIALIZED_AUTOS = YES_AGGRESSIVE;
				GCC_WARN_UNUSED_FUNCTION = YES;
				GCC_WARN_UNUSED_VARIABLE = YES;
				HEADER_SEARCH_PATHS = (
					"$(inherited)",
					/Applications/Xcode.app/Contents/Developer/Toolchains/XcodeDefault.xctoolchain/usr/include,
					"\"$(SRCROOT)\"/../CommonRealtimeGameAlgorithms",
				);
				MACOSX_DEPLOYMENT_TARGET = 10.8;
				ONLY_ACTIVE_ARCH = YES;
				SDKROOT = macosx;
			};
			name = Debug;
		};
		458443FE1903327100B468A7 /* Release */ = {
			isa = XCBuildConfiguration;
			baseConfigurationReference = 4504CF48192B6A0700F3FC8B /* Common.xcconfig */;
			buildSettings = {
				ALWAYS_SEARCH_USER_PATHS = NO;
				CLANG_CXX_LANGUAGE_STANDARD = "c++0x";
				CLANG_CXX_LIBRARY = "libc++";
				CLANG_ENABLE_MODULES = YES;
				CLANG_ENABLE_OBJC_ARC = YES;
				CLANG_WARN_BOOL_CONVERSION = YES;
				CLANG_WARN_CONSTANT_CONVERSION = YES;
				CLANG_WARN_DIRECT_OBJC_ISA_USAGE = YES_ERROR;
				CLANG_WARN_EMPTY_BODY = YES;
				CLANG_WARN_ENUM_CONVERSION = YES;
				CLANG_WARN_INT_CONVERSION = YES;
				CLANG_WARN_OBJC_ROOT_CLASS = YES_ERROR;
				CLANG_WARN__DUPLICATE_METHOD_MATCH = YES;
				COPY_PHASE_STRIP = YES;
				DEBUG_INFORMATION_FORMAT = "dwarf-with-dsym";
				ENABLE_NS_ASSERTIONS = NO;
				GCC_C_LANGUAGE_STANDARD = c11;
				GCC_ENABLE_OBJC_EXCEPTIONS = YES;
				GCC_PREPROCESSOR_DEFINITIONS = "EONIL_COMMON_REALTIME_GAME_ALGORITHMS_DEBUG_MODE=0";
				GCC_WARN_64_TO_32_BIT_CONVERSION = YES;
				GCC_WARN_ABOUT_RETURN_TYPE = YES_ERROR;
				GCC_WARN_UNDECLARED_SELECTOR = YES;
				GCC_WARN_UNINITIALIZED_AUTOS = YES_AGGRESSIVE;
				GCC_WARN_UNUSED_FUNCTION = YES;
				GCC_WARN_UNUSED_VARIABLE = YES;
				HEADER_SEARCH_PATHS = (
					"$(inherited)",
					/Applications/Xcode.app/Contents/Developer/Toolchains/XcodeDefault.xctoolchain/usr/include,
					"\"$(SRCROOT)\"/../CommonRealtimeGameAlgorithms",
				);
				MACOSX_DEPLOYMENT_TARGET = 10.8;
				SDKROOT = macosx;
			};
			name = Release;
		};
		458444001903327100B468A7 /* Debug */ = {
			isa = XCBuildConfiguration;
			buildSettings = {
				CLANG_CXX_LANGUAGE_STANDARD = "c++0x";
				EXECUTABLE_PREFIX = lib;
				GCC_C_LANGUAGE_STANDARD = c11;
				PRODUCT_NAME = EonilCocoa;
			};
			name = Debug;
		};
		458444011903327100B468A7 /* Release */ = {
			isa = XCBuildConfiguration;
			buildSettings = {
				CLANG_CXX_LANGUAGE_STANDARD = "c++0x";
				EXECUTABLE_PREFIX = lib;
				GCC_C_LANGUAGE_STANDARD = c11;
				PRODUCT_NAME = EonilCocoa;
			};
			name = Release;
		};
		4584445D1903D5E900B468A7 /* Debug */ = {
			isa = XCBuildConfiguration;
			buildSettings = {
				ASSETCATALOG_COMPILER_APPICON_NAME = AppIcon;
				CLANG_CXX_LANGUAGE_STANDARD = "c++0x";
				CLANG_MODULES_AUTOLINK = YES;
				COMBINE_HIDPI_IMAGES = YES;
				GCC_C_LANGUAGE_STANDARD = c11;
				GCC_PRECOMPILE_PREFIX_HEADER = YES;
				GCC_PREFIX_HEADER = "TestApp/TestApp-Prefix.pch";
				GCC_PREPROCESSOR_DEFINITIONS = (
					"DEBUG=1",
					"$(inherited)",
				);
				PRODUCT_NAME = "$(TARGET_NAME)";
				WRAPPER_EXTENSION = app;
			};
			name = Debug;
		};
		4584445E1903D5E900B468A7 /* Release */ = {
			isa = XCBuildConfiguration;
			buildSettings = {
				ASSETCATALOG_COMPILER_APPICON_NAME = AppIcon;
				CLANG_CXX_LANGUAGE_STANDARD = "c++0x";
				CLANG_MODULES_AUTOLINK = YES;
				COMBINE_HIDPI_IMAGES = YES;
				GCC_C_LANGUAGE_STANDARD = c11;
				GCC_PRECOMPILE_PREFIX_HEADER = YES;
				GCC_PREFIX_HEADER = "TestApp/TestApp-Prefix.pch";
				INFOPLIST_FILE = "TestApp/TestApp-Info.plist";
				PRODUCT_NAME = "$(TARGET_NAME)";
				WRAPPER_EXTENSION = app;
			};
			name = Release;
		};
/* End XCBuildConfiguration section */

/* Begin XCConfigurationList section */
		458443F61903327100B468A7 /* Build configuration list for PBXProject "Cocoa++" */ = {
			isa = XCConfigurationList;
			buildConfigurations = (
				458443FD1903327100B468A7 /* Debug */,
				458443FE1903327100B468A7 /* Release */,
			);
			defaultConfigurationIsVisible = 0;
			defaultConfigurationName = Release;
		};
		458443FF1903327100B468A7 /* Build configuration list for PBXNativeTarget "Cocoa++" */ = {
			isa = XCConfigurationList;
			buildConfigurations = (
				458444001903327100B468A7 /* Debug */,
				458444011903327100B468A7 /* Release */,
			);
			defaultConfigurationIsVisible = 0;
			defaultConfigurationName = Release;
		};
		4584445C1903D5E900B468A7 /* Build configuration list for PBXNativeTarget "TestApp" */ = {
			isa = XCConfigurationList;
			buildConfigurations = (
				4584445D1903D5E900B468A7 /* Debug */,
				4584445E1903D5E900B468A7 /* Release */,
			);
			defaultConfigurationIsVisible = 0;
			defaultConfigurationName = Release;
		};
/* End XCConfigurationList section */
	};
	rootObject = 458443F31903327100B468A7 /* Project object */;
}
